<?xml version="1.0" encoding="utf-8"?>
<Project ToolsVersion="4.0" xmlns="http://schemas.microsoft.com/developer/msbuild/2003">
  <ItemGroup>
    <ClCompile Include="messageHandling.cpp">
      <Filter>Source Files</Filter>
    </ClCompile>
    <ClCompile Include="wireMaster.cpp">
      <Filter>Source Files</Filter>
    </ClCompile>
    <ClCompile Include="spinning_globe.ino" />
  </ItemGroup>
  <ItemGroup>
    <ClInclude Include="__vm\.spinning_globe.vsarduino.h">
      <Filter>Header Files</Filter>
    </ClInclude>
    <ClInclude Include="messageHandling.h">
      <Filter>Header Files</Filter>
    </ClInclude>
    <ClInclude Include="messages_common.h">
      <Filter>Header Files</Filter>
    </ClInclude>
    <ClInclude Include="wireMaster.h">
      <Filter>Header Files</Filter>
    </ClInclude>
    <ClInclude Include="floatingGlobeState.h">
      <Filter>Header Files</Filter>
    </ClInclude>
  </ItemGroup>
  <ItemGroup>
    <Filter Include="Header Files">
      <UniqueIdentifier>{aa9c80b3-b1b6-4350-84d3-26fc6791907b}</UniqueIdentifier>
    </Filter>
    <Filter Include="Source Files">
      <UniqueIdentifier>{8435493e-02ce-4a4b-aa76-0175567de358}</UniqueIdentifier>
    </Filter>
  </ItemGroup>
</Project>