<?xml version="1.0" encoding="utf-8"?>
<Project ToolsVersion="4.0" xmlns="http://schemas.microsoft.com/developer/msbuild/2003">
  <ItemGroup>
    <Filter Include="Source Files">
      <UniqueIdentifier>{4FC737F1-C7A5-4376-A066-2A32D752A2FF}</UniqueIdentifier>
      <Extensions>cpp;c;cc;cxx;def;odl;idl;hpj;bat;asm;asmx</Extensions>
    </Filter>
    <Filter Include="Header Files">
      <UniqueIdentifier>{93995380-89BD-4b04-88EB-625FBE52EBFB}</UniqueIdentifier>
      <Extensions>h;hh;hpp;hxx;hm;inl;inc;xsd</Extensions>
    </Filter>
    <Filter Include="Resource Files">
      <UniqueIdentifier>{67DA6AB6-F800-4c08-8B7A-83BB121AAD01}</UniqueIdentifier>
      <Extensions>rc;ico;cur;bmp;dlg;rc2;rct;bin;rgs;gif;jpg;jpeg;jpe;resx;tiff;tif;png;wav;mfcribbon-ms</Extensions>
    </Filter>
    <Filter Include="shared">
      <UniqueIdentifier>{9de414e7-8031-4629-9ae0-14c515dc6b55}</UniqueIdentifier>
    </Filter>
  </ItemGroup>
  <ItemGroup>
    <ClCompile Include="spinning_globe_slave.ino" />
    <ClCompile Include="secrets.h">
      <Filter>Header Files</Filter>
    </ClCompile>
    <ClCompile Include="src\MQTTmessages.cpp">
      <Filter>Source Files</Filter>
    </ClCompile>
    <ClCompile Include="src\WiFiConnection.cpp">
      <Filter>Source Files</Filter>
    </ClCompile>
    <ClCompile Include="src\wireSlave_messages.cpp">
      <Filter>Source Files</Filter>
    </ClCompile>
    <ClCompile Include="src\wireSlave_transport.cpp">
      <Filter>Source Files</Filter>
    </ClCompile>
  </ItemGroup>
  <ItemGroup>
    <ClInclude Include="__vm\.spinning_globe_slave.vsarduino.h">
      <Filter>Header Files</Filter>
    </ClInclude>
    <ClInclude Include="src\bridge_context.h">
      <Filter>Header Files</Filter>
    </ClInclude>
    <ClInclude Include="src\debug.h">
      <Filter>Header Files</Filter>
    </ClInclude>
    <ClInclude Include="src\json_helpers.h">
      <Filter>Header Files</Filter>
    </ClInclude>
    <ClInclude Include="src\MQTTmessages.h">
      <Filter>Header Files</Filter>
    </ClInclude>
    <ClInclude Include="src\time_helpers.h">
      <Filter>Header Files</Filter>
    </ClInclude>
    <ClInclude Include="src\WiFiConnection.h">
      <Filter>Header Files</Filter>
    </ClInclude>
    <ClInclude Include="src\wireSlave_messages.h">
      <Filter>Header Files</Filter>
    </ClInclude>
    <ClInclude Include="src\wireSlave_transport.h">
      <Filter>Header Files</Filter>
    </ClInclude>
    <ClInclude Include="src\shared\wire_hw_config.h">
      <Filter>shared</Filter>
    </ClInclude>
    <ClInclude Include="src\shared\wire_protocol.h">
      <Filter>shared</Filter>
    </ClInclude>
  </ItemGroup>
</Project>