
Microsoft Visual Studio Solution File, Format Version 12.00
# Visual Studio Version 17
VisualStudioVersion = 17.14.36811.4
MinimumVisualStudioVersion = 10.0.40219.1
Project("{8BC9CEB8-8B4A-11D0-8D11-00A0C91BC942}") = "spinning_globe_master", "spinning_globe_master.vcxproj", "{56B812C3-910D-B5D5-078F-16DC528ABAF1}"
EndProject
Global
	GlobalSection(SolutionConfigurationPlatforms) = preSolution
		Debug|ARM = Debug|ARM
		Debug|ARM64 = Debug|ARM64
		Release|ARM = Release|ARM
		Release|ARM64 = Release|ARM64
	EndGlobalSection
	GlobalSection(ProjectConfigurationPlatforms) = postSolution
		{56B812C3-910D-B5D5-078F-16DC528ABAF1}.Debug|ARM.ActiveCfg = Debug|ARM
		{56B812C3-910D-B5D5-078F-16DC528ABAF1}.Debug|ARM.Build.0 = Debug|ARM
		{56B812C3-910D-B5D5-078F-16DC528ABAF1}.Debug|ARM.Deploy.0 = Debug|ARM
		{56B812C3-910D-B5D5-078F-16DC528ABAF1}.Debug|ARM64.ActiveCfg = Debug|ARM64
		{56B812C3-910D-B5D5-078F-16DC528ABAF1}.Debug|ARM64.Build.0 = Debug|ARM64
		{56B812C3-910D-B5D5-078F-16DC528ABAF1}.Debug|ARM64.Deploy.0 = Debug|ARM64
		{56B812C3-910D-B5D5-078F-16DC528ABAF1}.Release|ARM.ActiveCfg = Release|ARM
		{56B812C3-910D-B5D5-078F-16DC528ABAF1}.Release|ARM.Build.0 = Release|ARM
		{56B812C3-910D-B5D5-078F-16DC528ABAF1}.Release|ARM.Deploy.0 = Release|ARM
		{56B812C3-910D-B5D5-078F-16DC528ABAF1}.Release|ARM64.ActiveCfg = Release|ARM64
		{56B812C3-910D-B5D5-078F-16DC528ABAF1}.Release|ARM64.Build.0 = Release|ARM64
		{56B812C3-910D-B5D5-078F-16DC528ABAF1}.Release|ARM64.Deploy.0 = Release|ARM64
	EndGlobalSection
	GlobalSection(SolutionProperties) = preSolution
		HideSolutionNode = FALSE
	EndGlobalSection
	GlobalSection(ExtensibilityGlobals) = postSolution
		SolutionGuid = {471537F8-AF79-418D-B641-23EA4075A8FD}
	EndGlobalSection
EndGlobal
